
Microsoft Visual Studio Solution File, Format Version 12.00
# Visual Studio Version 17
VisualStudioVersion = 17.6.33829.357
MinimumVisualStudioVersion = 10.0.40219.1
Project("{FAE04EC0-301F-11D3-BF4B-00C04F79EFBC}") = "SerializationAndDeSeriDemo", "SerializationAndDeSeriDemo\SerializationAndDeSeriDemo.csproj", "{3772DAFB-A74E-4658-B35D-A59BDE36899B}"
EndProject
Global
	GlobalSection(SolutionConfigurationPlatforms) = preSolution
		Debug|Any CPU = Debug|Any CPU
		Release|Any CPU = Release|Any CPU
	EndGlobalSection
	GlobalSection(ProjectConfigurationPlatforms) = postSolution
		{3772DAFB-A74E-4658-B35D-A59BDE36899B}.Debug|Any CPU.ActiveCfg = Debug|Any CPU
		{3772DAFB-A74E-4658-B35D-A59BDE36899B}.Debug|Any CPU.Build.0 = Debug|Any CPU
		{3772DAFB-A74E-4658-B35D-A59BDE36899B}.Release|Any CPU.ActiveCfg = Release|Any CPU
		{3772DAFB-A74E-4658-B35D-A59BDE36899B}.Release|Any CPU.Build.0 = Release|Any CPU
	EndGlobalSection
	GlobalSection(SolutionProperties) = preSolution
		HideSolutionNode = FALSE
	EndGlobalSection
	GlobalSection(ExtensibilityGlobals) = postSolution
		SolutionGuid = {7DA10F2C-C149-4D35-B2F2-0B61150F7477}
	EndGlobalSection
EndGlobal
